PODS:
  - Flutter (1.0.0)
  - Instant (13.2.0)
  - PSPDFKit (13.2.0):
    - PSPDFKit/Core (= 13.2.0)
  - PSPDFKit/Core (13.2.0)
  - pspdfkit_flutter (3.7.2):
    - Flutter
    - Instant
    - PSPDFKit

DEPENDENCIES:
  - Flutter (from `Flutter`)
  - PSPDFKit (from `https://customers.pspdfkit.com/pspdfkit-ios/latest.podspec`)
  - pspdfkit_flutter (from `.symlinks/plugins/pspdfkit_flutter/ios`)

SPEC REPOS:
  trunk:
    - Instant

EXTERNAL SOURCES:
  Flutter:
    :path: Flutter
  PSPDFKit:
    :podspec: https://customers.pspdfkit.com/pspdfkit-ios/latest.podspec
  pspdfkit_flutter:
    :path: ".symlinks/plugins/pspdfkit_flutter/ios"

SPEC CHECKSUMS:
  Flutter: e0871f40cf51350855a761d2e70bf5af5b9b5de7
  Instant: 5e357e8b8abd8932628553240596656281b1b86e
  PSPDFKit: bfc506ea30432f4b06bac6d7ccc3ff43d063e1ef
  pspdfkit_flutter: 4618aa4a4e6c1ab66452df7d7532069f0443470f

PODFILE CHECKSUM: c5f29a941a8c5844a4d7393e3bfd44d5c1d057fc

COCOAPODS: 1.14.3
